// !$*UTF8*$!
{
	archiveVersion = 1;
	classes = {
	};
	objectVersion = 55;
	objects = {

/* Begin PBXBuildFile section */
		D7B08A6527AB03C600A17C63 /* AppDelegate.swift in Sources */ = {isa = PBXBuildFile; fileRef = D7B08A6427AB03C600A17C63 /* AppDelegate.swift */; };
		D7B08A6727AB03C600A17C63 /* SceneDelegate.swift in Sources */ = {isa = PBXBuildFile; fileRef = D7B08A6627AB03C600A17C63 /* SceneDelegate.swift */; };
		D7B08A6927AB03C600A17C63 /* CharactersViewController.swift in Sources */ = {isa = PBXBuildFile; fileRef = D7B08A6827AB03C600A17C63 /* CharactersViewController.swift */; };
		D7B08A6E27AB03C800A17C63 /* Assets.xcassets in Resources */ = {isa = PBXBuildFile; fileRef = D7B08A6D27AB03C800A17C63 /* Assets.xcassets */; };
		D7B08A7127AB03C800A17C63 /* LaunchScreen.storyboard in Resources */ = {isa = PBXBuildFile; fileRef = D7B08A6F27AB03C800A17C63 /* LaunchScreen.storyboard */; };
		D7B08A7C27AB03C800A17C63 /* CleanUIKitAppTests.swift in Sources */ = {isa = PBXBuildFile; fileRef = D7B08A7B27AB03C800A17C63 /* CleanUIKitAppTests.swift */; };
		D7B08A9727AB069600A17C63 /* NetworkService.swift in Sources */ = {isa = PBXBuildFile; fileRef = D7B08A9627AB069600A17C63 /* NetworkService.swift */; };
		D7B08A9927AB072500A17C63 /* NetworkError.swift in Sources */ = {isa = PBXBuildFile; fileRef = D7B08A9827AB072500A17C63 /* NetworkError.swift */; };
		D7B08A9F27AB082E00A17C63 /* CharactersViewModel.swift in Sources */ = {isa = PBXBuildFile; fileRef = D7B08A9E27AB082E00A17C63 /* CharactersViewModel.swift */; };
		D7B08AA127AB135F00A17C63 /* CharactersModelDTO.swift in Sources */ = {isa = PBXBuildFile; fileRef = D7B08AA027AB135F00A17C63 /* CharactersModelDTO.swift */; };
		D7B08AA327AB149300A17C63 /* CharactersRepository.swift in Sources */ = {isa = PBXBuildFile; fileRef = D7B08AA227AB149300A17C63 /* CharactersRepository.swift */; };
		D7B08AA627AB18E200A17C63 /* StringExtension+Error.swift in Sources */ = {isa = PBXBuildFile; fileRef = D7B08AA527AB18E200A17C63 /* StringExtension+Error.swift */; };
		D7B08AA827AB1A3800A17C63 /* CharactersInteractor.swift in Sources */ = {isa = PBXBuildFile; fileRef = D7B08AA727AB1A3800A17C63 /* CharactersInteractor.swift */; };
/* End PBXBuildFile section */

/* Begin PBXContainerItemProxy section */
		D7B08A7827AB03C800A17C63 /* PBXContainerItemProxy */ = {
			isa = PBXContainerItemProxy;
			containerPortal = D7B08A5927AB03C600A17C63 /* Project object */;
			proxyType = 1;
			remoteGlobalIDString = D7B08A6027AB03C600A17C63;
			remoteInfo = CleanUIKitApp;
		};
/* End PBXContainerItemProxy section */

/* Begin PBXFileReference section */
		D7B08A6127AB03C600A17C63 /* CleanUIKitApp.app */ = {isa = PBXFileReference; explicitFileType = wrapper.application; includeInIndex = 0; path = CleanUIKitApp.app; sourceTree = BUILT_PRODUCTS_DIR; };
		D7B08A6427AB03C600A17C63 /* AppDelegate.swift */ = {isa = PBXFileReference; lastKnownFileType = sourcecode.swift; path = AppDelegate.swift; sourceTree = "<group>"; };
		D7B08A6627AB03C600A17C63 /* SceneDelegate.swift */ = {isa = PBXFileReference; lastKnownFileType = sourcecode.swift; path = SceneDelegate.swift; sourceTree = "<group>"; };
		D7B08A6827AB03C600A17C63 /* CharactersViewController.swift */ = {isa = PBXFileReference; lastKnownFileType = sourcecode.swift; path = CharactersViewController.swift; sourceTree = "<group>"; };
		D7B08A6D27AB03C800A17C63 /* Assets.xcassets */ = {isa = PBXFileReference; lastKnownFileType = folder.assetcatalog; path = Assets.xcassets; sourceTree = "<group>"; };
		D7B08A7027AB03C800A17C63 /* Base */ = {isa = PBXFileReference; lastKnownFileType = file.storyboard; name = Base; path = Base.lproj/LaunchScreen.storyboard; sourceTree = "<group>"; };
		D7B08A7227AB03C800A17C63 /* Info.plist */ = {isa = PBXFileReference; lastKnownFileType = text.plist.xml; path = Info.plist; sourceTree = "<group>"; };
		D7B08A7727AB03C800A17C63 /* CleanUIKitAppTests.xctest */ = {isa = PBXFileReference; explicitFileType = wrapper.cfbundle; includeInIndex = 0; path = CleanUIKitAppTests.xctest; sourceTree = BUILT_PRODUCTS_DIR; };
		D7B08A7B27AB03C800A17C63 /* CleanUIKitAppTests.swift */ = {isa = PBXFileReference; lastKnownFileType = sourcecode.swift; path = CleanUIKitAppTests.swift; sourceTree = "<group>"; };
		D7B08A9627AB069600A17C63 /* NetworkService.swift */ = {isa = PBXFileReference; lastKnownFileType = sourcecode.swift; path = NetworkService.swift; sourceTree = "<group>"; };
		D7B08A9827AB072500A17C63 /* NetworkError.swift */ = {isa = PBXFileReference; lastKnownFileType = sourcecode.swift; path = NetworkError.swift; sourceTree = "<group>"; };
		D7B08A9E27AB082E00A17C63 /* CharactersViewModel.swift */ = {isa = PBXFileReference; lastKnownFileType = sourcecode.swift; path = CharactersViewModel.swift; sourceTree = "<group>"; };
		D7B08AA027AB135F00A17C63 /* CharactersModelDTO.swift */ = {isa = PBXFileReference; lastKnownFileType = sourcecode.swift; path = CharactersModelDTO.swift; sourceTree = "<group>"; };
		D7B08AA227AB149300A17C63 /* CharactersRepository.swift */ = {isa = PBXFileReference; lastKnownFileType = sourcecode.swift; path = CharactersRepository.swift; sourceTree = "<group>"; };
		D7B08AA527AB18E200A17C63 /* StringExtension+Error.swift */ = {isa = PBXFileReference; lastKnownFileType = sourcecode.swift; path = "StringExtension+Error.swift"; sourceTree = "<group>"; };
		D7B08AA727AB1A3800A17C63 /* CharactersInteractor.swift */ = {isa = PBXFileReference; lastKnownFileType = sourcecode.swift; path = CharactersInteractor.swift; sourceTree = "<group>"; };
/* End PBXFileReference section */

/* Begin PBXFrameworksBuildPhase section */
		D7B08A5E27AB03C600A17C63 /* Frameworks */ = {
			isa = PBXFrameworksBuildPhase;
			buildActionMask = 2147483647;
			files = (
			);
			runOnlyForDeploymentPostprocessing = 0;
		};
		D7B08A7427AB03C800A17C63 /* Frameworks */ = {
			isa = PBXFrameworksBuildPhase;
			buildActionMask = 2147483647;
			files = (
			);
			runOnlyForDeploymentPostprocessing = 0;
		};
/* End PBXFrameworksBuildPhase section */

/* Begin PBXGroup section */
		D7B08A5827AB03C600A17C63 = {
			isa = PBXGroup;
			children = (
				D7B08A6327AB03C600A17C63 /* CleanUIKitApp */,
				D7B08A7A27AB03C800A17C63 /* CleanUIKitAppTests */,
				D7B08A6227AB03C600A17C63 /* Products */,
			);
			sourceTree = "<group>";
		};
		D7B08A6227AB03C600A17C63 /* Products */ = {
			isa = PBXGroup;
			children = (
				D7B08A6127AB03C600A17C63 /* CleanUIKitApp.app */,
				D7B08A7727AB03C800A17C63 /* CleanUIKitAppTests.xctest */,
			);
			name = Products;
			sourceTree = "<group>";
		};
		D7B08A6327AB03C600A17C63 /* CleanUIKitApp */ = {
			isa = PBXGroup;
			children = (
				D7B08A9A27AB07EB00A17C63 /* Scenes */,
				D7B08A9427AB066500A17C63 /* Core */,
				D7B08A6427AB03C600A17C63 /* AppDelegate.swift */,
				D7B08A6627AB03C600A17C63 /* SceneDelegate.swift */,
				D7B08A6D27AB03C800A17C63 /* Assets.xcassets */,
				D7B08A6F27AB03C800A17C63 /* LaunchScreen.storyboard */,
				D7B08A7227AB03C800A17C63 /* Info.plist */,
			);
			path = CleanUIKitApp;
			sourceTree = "<group>";
		};
		D7B08A7A27AB03C800A17C63 /* CleanUIKitAppTests */ = {
			isa = PBXGroup;
			children = (
				D7B08A7B27AB03C800A17C63 /* CleanUIKitAppTests.swift */,
			);
			path = CleanUIKitAppTests;
			sourceTree = "<group>";
		};
		D7B08A9427AB066500A17C63 /* Core */ = {
			isa = PBXGroup;
			children = (
				D7B08AA427AB18B100A17C63 /* Extensions */,
				D7B08A9527AB066B00A17C63 /* Data */,
			);
			path = Core;
			sourceTree = "<group>";
		};
		D7B08A9527AB066B00A17C63 /* Data */ = {
			isa = PBXGroup;
			children = (
				D7B08A9627AB069600A17C63 /* NetworkService.swift */,
				D7B08A9827AB072500A17C63 /* NetworkError.swift */,
			);
			path = Data;
			sourceTree = "<group>";
		};
		D7B08A9A27AB07EB00A17C63 /* Scenes */ = {
			isa = PBXGroup;
			children = (
				D7B08A9B27AB07F800A17C63 /* Presentation */,
				D7B08A9C27AB081100A17C63 /* Domain */,
				D7B08A9D27AB081700A17C63 /* Data */,
			);
			path = Scenes;
			sourceTree = "<group>";
		};
		D7B08A9B27AB07F800A17C63 /* Presentation */ = {
			isa = PBXGroup;
			children = (
				D7B08A6827AB03C600A17C63 /* CharactersViewController.swift */,
				D7B08A9E27AB082E00A17C63 /* CharactersViewModel.swift */,
			);
			path = Presentation;
			sourceTree = "<group>";
		};
		D7B08A9C27AB081100A17C63 /* Domain */ = {
			isa = PBXGroup;
			children = (
				D7B08AA727AB1A3800A17C63 /* CharactersInteractor.swift */,
			);
			path = Domain;
			sourceTree = "<group>";
		};
		D7B08A9D27AB081700A17C63 /* Data */ = {
			isa = PBXGroup;
			children = (
				D7B08AA027AB135F00A17C63 /* CharactersModelDTO.swift */,
				D7B08AA227AB149300A17C63 /* CharactersRepository.swift */,
			);
			path = Data;
			sourceTree = "<group>";
		};
		D7B08AA427AB18B100A17C63 /* Extensions */ = {
			isa = PBXGroup;
			children = (
				D7B08AA527AB18E200A17C63 /* StringExtension+Error.swift */,
			);
			path = Extensions;
			sourceTree = "<group>";
		};
/* End PBXGroup section */

/* Begin PBXNativeTarget section */
		D7B08A6027AB03C600A17C63 /* CleanUIKitApp */ = {
			isa = PBXNativeTarget;
			buildConfigurationList = D7B08A8B27AB03C800A17C63 /* Build configuration list for PBXNativeTarget "CleanUIKitApp" */;
			buildPhases = (
				D7B08A5D27AB03C600A17C63 /* Sources */,
				D7B08A5E27AB03C600A17C63 /* Frameworks */,
				D7B08A5F27AB03C600A17C63 /* Resources */,
			);
			buildRules = (
			);
			dependencies = (
			);
			name = CleanUIKitApp;
			packageProductDependencies = (
			);
			productName = CleanUIKitApp;
			productReference = D7B08A6127AB03C600A17C63 /* CleanUIKitApp.app */;
			productType = "com.apple.product-type.application";
		};
		D7B08A7627AB03C800A17C63 /* CleanUIKitAppTests */ = {
			isa = PBXNativeTarget;
			buildConfigurationList = D7B08A8E27AB03C800A17C63 /* Build configuration list for PBXNativeTarget "CleanUIKitAppTests" */;
			buildPhases = (
				D7B08A7327AB03C800A17C63 /* Sources */,
				D7B08A7427AB03C800A17C63 /* Frameworks */,
				D7B08A7527AB03C800A17C63 /* Resources */,
			);
			buildRules = (
			);
			dependencies = (
				D7B08A7927AB03C800A17C63 /* PBXTargetDependency */,
			);
			name = CleanUIKitAppTests;
			productName = CleanUIKitAppTests;
			productReference = D7B08A7727AB03C800A17C63 /* CleanUIKitAppTests.xctest */;
			productType = "com.apple.product-type.bundle.unit-test";
		};
/* End PBXNativeTarget section */

/* Begin PBXProject section */
		D7B08A5927AB03C600A17C63 /* Project object */ = {
			isa = PBXProject;
			attributes = {
				BuildIndependentTargetsInParallel = 1;
				LastSwiftUpdateCheck = 1310;
				LastUpgradeCheck = 1310;
				TargetAttributes = {
					D7B08A6027AB03C600A17C63 = {
						CreatedOnToolsVersion = 13.1;
					};
					D7B08A7627AB03C800A17C63 = {
						CreatedOnToolsVersion = 13.1;
						TestTargetID = D7B08A6027AB03C600A17C63;
					};
				};
			};
			buildConfigurationList = D7B08A5C27AB03C600A17C63 /* Build configuration list for PBXProject "CleanUIKitApp" */;
			compatibilityVersion = "Xcode 13.0";
			developmentRegion = en;
			hasScannedForEncodings = 0;
			knownRegions = (
				en,
				Base,
			);
			mainGroup = D7B08A5827AB03C600A17C63;
			packageReferences = (
				D7B08AB627AD7B8400A17C63 /* XCRemoteSwiftPackageReference "SDWebImage" */,
			);
			productRefGroup = D7B08A6227AB03C600A17C63 /* Products */;
			projectDirPath = "";
			projectRoot = "";
			targets = (
				D7B08A6027AB03C600A17C63 /* CleanUIKitApp */,
				D7B08A7627AB03C800A17C63 /* CleanUIKitAppTests */,
			);
		};
/* End PBXProject section */

/* Begin PBXResourcesBuildPhase section */
		D7B08A5F27AB03C600A17C63 /* Resources */ = {
			isa = PBXResourcesBuildPhase;
			buildActionMask = 2147483647;
			files = (
				D7B08A7127AB03C800A17C63 /* LaunchScreen.storyboard in Resources */,
				D7B08A6E27AB03C800A17C63 /* Assets.xcassets in Resources */,
			);
			runOnlyForDeploymentPostprocessing = 0;
		};
		D7B08A7527AB03C800A17C63 /* Resources */ = {
			isa = PBXResourcesBuildPhase;
			buildActionMask = 2147483647;
			files = (
			);
			runOnlyForDeploymentPostprocessing = 0;
		};
/* End PBXResourcesBuildPhase section */

/* Begin PBXSourcesBuildPhase section */
		D7B08A5D27AB03C600A17C63 /* Sources */ = {
			isa = PBXSourcesBuildPhase;
			buildActionMask = 2147483647;
			files = (
				D7B08A6927AB03C600A17C63 /* CharactersViewController.swift in Sources */,
				D7B08A6527AB03C600A17C63 /* AppDelegate.swift in Sources */,
				D7B08AA827AB1A3800A17C63 /* CharactersInteractor.swift in Sources */,
				D7B08AA627AB18E200A17C63 /* StringExtension+Error.swift in Sources */,
				D7B08A9727AB069600A17C63 /* NetworkService.swift in Sources */,
				D7B08AA327AB149300A17C63 /* CharactersRepository.swift in Sources */,
				D7B08AA127AB135F00A17C63 /* CharactersModelDTO.swift in Sources */,
				D7B08A6727AB03C600A17C63 /* SceneDelegate.swift in Sources */,
				D7B08A9F27AB082E00A17C63 /* CharactersViewModel.swift in Sources */,
				D7B08A9927AB072500A17C63 /* NetworkError.swift in Sources */,
			);
			runOnlyForDeploymentPostprocessing = 0;
		};
		D7B08A7327AB03C800A17C63 /* Sources */ = {
			isa = PBXSourcesBuildPhase;
			buildActionMask = 2147483647;
			files = (
				D7B08A7C27AB03C800A17C63 /* CleanUIKitAppTests.swift in Sources */,
			);
			runOnlyForDeploymentPostprocessing = 0;
		};
/* End PBXSourcesBuildPhase section */

/* Begin PBXTargetDependency section */
		D7B08A7927AB03C800A17C63 /* PBXTargetDependency */ = {
			isa = PBXTargetDependency;
			target = D7B08A6027AB03C600A17C63 /* CleanUIKitApp */;
			targetProxy = D7B08A7827AB03C800A17C63 /* PBXContainerItemProxy */;
		};
/* End PBXTargetDependency section */

/* Begin PBXVariantGroup section */
		D7B08A6F27AB03C800A17C63 /* LaunchScreen.storyboard */ = {
			isa = PBXVariantGroup;
			children = (
				D7B08A7027AB03C800A17C63 /* Base */,
			);
			name = LaunchScreen.storyboard;
			sourceTree = "<group>";
		};
/* End PBXVariantGroup section */

/* Begin XCBuildConfiguration section */
		D7B08A8927AB03C800A17C63 /* Debug */ = {
			isa = XCBuildConfiguration;
			buildSettings = {
				ALWAYS_SEARCH_USER_PATHS = NO;
				CLANG_ANALYZER_NONNULL = YES;
				CLANG_ANALYZER_NUMBER_OBJECT_CONVERSION = YES_AGGRESSIVE;
				CLANG_CXX_LANGUAGE_STANDARD = "gnu++17";
				CLANG_CXX_LIBRARY = "libc++";
				CLANG_ENABLE_MODULES = YES;
				CLANG_ENABLE_OBJC_ARC = YES;
				CLANG_ENABLE_OBJC_WEAK = YES;
				CLANG_WARN_BLOCK_CAPTURE_AUTORELEASING = YES;
				CLANG_WARN_BOOL_CONVERSION = YES;
				CLANG_WARN_COMMA = YES;
				CLANG_WARN_CONSTANT_CONVERSION = YES;
				CLANG_WARN_DEPRECATED_OBJC_IMPLEMENTATIONS = YES;
				CLANG_WARN_DIRECT_OBJC_ISA_USAGE = YES_ERROR;
				CLANG_WARN_DOCUMENTATION_COMMENTS = YES;
				CLANG_WARN_EMPTY_BODY = YES;
				CLANG_WARN_ENUM_CONVERSION = YES;
				CLANG_WARN_INFINITE_RECURSION = YES;
				CLANG_WARN_INT_CONVERSION = YES;
				CLANG_WARN_NON_LITERAL_NULL_CONVERSION = YES;
				CLANG_WARN_OBJC_IMPLICIT_RETAIN_SELF = YES;
				CLANG_WARN_OBJC_LITERAL_CONVERSION = YES;
				CLANG_WARN_OBJC_ROOT_CLASS = YES_ERROR;
				CLANG_WARN_QUOTED_INCLUDE_IN_FRAMEWORK_HEADER = YES;
				CLANG_WARN_RANGE_LOOP_ANALYSIS = YES;
				CLANG_WARN_STRICT_PROTOTYPES = YES;
				CLANG_WARN_SUSPICIOUS_MOVE = YES;
				CLANG_WARN_UNGUARDED_AVAILABILITY = YES_AGGRESSIVE;
				CLANG_WARN_UNREACHABLE_CODE = YES;
				CLANG_WARN__DUPLICATE_METHOD_MATCH = YES;
				COPY_PHASE_STRIP = NO;
				DEBUG_INFORMATION_FORMAT = dwarf;
				ENABLE_STRICT_OBJC_MSGSEND = YES;
				ENABLE_TESTABILITY = YES;
				GCC_C_LANGUAGE_STANDARD = gnu11;
				GCC_DYNAMIC_NO_PIC = NO;
				GCC_NO_COMMON_BLOCKS = YES;
				GCC_OPTIMIZATION_LEVEL = 0;
				GCC_PREPROCESSOR_DEFINITIONS = (
					"DEBUG=1",
					"$(inherited)",
				);
				GCC_WARN_64_TO_32_BIT_CONVERSION = YES;
				GCC_WARN_ABOUT_RETURN_TYPE = YES_ERROR;
				GCC_WARN_UNDECLARED_SELECTOR = YES;
				GCC_WARN_UNINITIALIZED_AUTOS = YES_AGGRESSIVE;
				GCC_WARN_UNUSED_FUNCTION = YES;
				GCC_WARN_UNUSED_VARIABLE = YES;
				IPHONEOS_DEPLOYMENT_TARGET = 15.0;
				MTL_ENABLE_DEBUG_INFO = INCLUDE_SOURCE;
				MTL_FAST_MATH = YES;
				ONLY_ACTIVE_ARCH = YES;
				SDKROOT = iphoneos;
				SWIFT_ACTIVE_COMPILATION_CONDITIONS = DEBUG;
				SWIFT_OPTIMIZATION_LEVEL = "-Onone";
			};
			name = Debug;
		};
		D7B08A8A27AB03C800A17C63 /* Release */ = {
			isa = XCBuildConfiguration;
			buildSettings = {
				ALWAYS_SEARCH_USER_PATHS = NO;
				CLANG_ANALYZER_NONNULL = YES;
				CLANG_ANALYZER_NUMBER_OBJECT_CONVERSION = YES_AGGRESSIVE;
				CLANG_CXX_LANGUAGE_STANDARD = "gnu++17";
				CLANG_CXX_LIBRARY = "libc++";
				CLANG_ENABLE_MODULES = YES;
				CLANG_ENABLE_OBJC_ARC = YES;
				CLANG_ENABLE_OBJC_WEAK = YES;
				CLANG_WARN_BLOCK_CAPTURE_AUTORELEASING = YES;
				CLANG_WARN_BOOL_CONVERSION = YES;
				CLANG_WARN_COMMA = YES;
				CLANG_WARN_CONSTANT_CONVERSION = YES;
				CLANG_WARN_DEPRECATED_OBJC_IMPLEMENTATIONS = YES;
				CLANG_WARN_DIRECT_OBJC_ISA_USAGE = YES_ERROR;
				CLANG_WARN_DOCUMENTATION_COMMENTS = YES;
				CLANG_WARN_EMPTY_BODY = YES;
				CLANG_WARN_ENUM_CONVERSION = YES;
				CLANG_WARN_INFINITE_RECURSION = YES;
				CLANG_WARN_INT_CONVERSION = YES;
				CLANG_WARN_NON_LITERAL_NULL_CONVERSION = YES;
				CLANG_WARN_OBJC_IMPLICIT_RETAIN_SELF = YES;
				CLANG_WARN_OBJC_LITERAL_CONVERSION = YES;
				CLANG_WARN_OBJC_ROOT_CLASS = YES_ERROR;
				CLANG_WARN_QUOTED_INCLUDE_IN_FRAMEWORK_HEADER = YES;
				CLANG_WARN_RANGE_LOOP_ANALYSIS = YES;
				CLANG_WARN_STRICT_PROTOTYPES = YES;
				CLANG_WARN_SUSPICIOUS_MOVE = YES;
				CLANG_WARN_UNGUARDED_AVAILABILITY = YES_AGGRESSIVE;
				CLANG_WARN_UNREACHABLE_CODE = YES;
				CLANG_WARN__DUPLICATE_METHOD_MATCH = YES;
				COPY_PHASE_STRIP = NO;
				DEBUG_INFORMATION_FORMAT = "dwarf-with-dsym";
				ENABLE_NS_ASSERTIONS = NO;
				ENABLE_STRICT_OBJC_MSGSEND = YES;
				GCC_C_LANGUAGE_STANDARD = gnu11;
				GCC_NO_COMMON_BLOCKS = YES;
				GCC_WARN_64_TO_32_BIT_CONVERSION = YES;
				GCC_WARN_ABOUT_RETURN_TYPE = YES_ERROR;
				GCC_WARN_UNDECLARED_SELECTOR = YES;
				GCC_WARN_UNINITIALIZED_AUTOS = YES_AGGRESSIVE;
				GCC_WARN_UNUSED_FUNCTION = YES;
				GCC_WARN_UNUSED_VARIABLE = YES;
				IPHONEOS_DEPLOYMENT_TARGET = 15.0;
				MTL_ENABLE_DEBUG_INFO = NO;
				MTL_FAST_MATH = YES;
				SDKROOT = iphoneos;
				SWIFT_COMPILATION_MODE = wholemodule;
				SWIFT_OPTIMIZATION_LEVEL = "-O";
				VALIDATE_PRODUCT = YES;
			};
			name = Release;
		};
		D7B08A8C27AB03C800A17C63 /* Debug */ = {
			isa = XCBuildConfiguration;
			buildSettings = {
				ASSETCATALOG_COMPILER_APPICON_NAME = AppIcon;
				ASSETCATALOG_COMPILER_GLOBAL_ACCENT_COLOR_NAME = AccentColor;
				CODE_SIGN_STYLE = Automatic;
				CURRENT_PROJECT_VERSION = 1;
				DEVELOPMENT_TEAM = R4F9Z7B8A4;
				GENERATE_INFOPLIST_FILE = YES;
				INFOPLIST_FILE = CleanUIKitApp/Info.plist;
				INFOPLIST_KEY_UIApplicationSupportsIndirectInputEvents = YES;
				INFOPLIST_KEY_UILaunchStoryboardName = LaunchScreen;
				INFOPLIST_KEY_UISupportedInterfaceOrientations_iPad = "UIInterfaceOrientationPortrait UIInterfaceOrientationPortraitUpsideDown UIInterfaceOrientationLandscapeLeft UIInterfaceOrientationLandscapeRight";
				INFOPLIST_KEY_UISupportedInterfaceOrientations_iPhone = "UIInterfaceOrientationPortrait UIInterfaceOrientationLandscapeLeft UIInterfaceOrientationLandscapeRight";
				LD_RUNPATH_SEARCH_PATHS = (
					"$(inherited)",
					"@executable_path/Frameworks",
				);
				MARKETING_VERSION = 1.0;
				PRODUCT_BUNDLE_IDENTIFIER = com.oscarodon.CleanUIKitApp;
				PRODUCT_NAME = "$(TARGET_NAME)";
				SWIFT_EMIT_LOC_STRINGS = YES;
				SWIFT_VERSION = 5.0;
				TARGETED_DEVICE_FAMILY = "1,2";
			};
			name = Debug;
		};
		D7B08A8D27AB03C800A17C63 /* Release */ = {
			isa = XCBuildConfiguration;
			buildSettings = {
				ASSETCATALOG_COMPILER_APPICON_NAME = AppIcon;
				ASSETCATALOG_COMPILER_GLOBAL_ACCENT_COLOR_NAME = AccentColor;
				CODE_SIGN_STYLE = Automatic;
				CURRENT_PROJECT_VERSION = 1;
				DEVELOPMENT_TEAM = R4F9Z7B8A4;
				GENERATE_INFOPLIST_FILE = YES;
				INFOPLIST_FILE = CleanUIKitApp/Info.plist;
				INFOPLIST_KEY_UIApplicationSupportsIndirectInputEvents = YES;
				INFOPLIST_KEY_UILaunchStoryboardName = LaunchScreen;
				INFOPLIST_KEY_UISupportedInterfaceOrientations_iPad = "UIInterfaceOrientationPortrait UIInterfaceOrientationPortraitUpsideDown UIInterfaceOrientationLandscapeLeft UIInterfaceOrientationLandscapeRight";
				INFOPLIST_KEY_UISupportedInterfaceOrientations_iPhone = "UIInterfaceOrientationPortrait UIInterfaceOrientationLandscapeLeft UIInterfaceOrientationLandscapeRight";
				LD_RUNPATH_SEARCH_PATHS = (
					"$(inherited)",
					"@executable_path/Frameworks",
				);
				MARKETING_VERSION = 1.0;
				PRODUCT_BUNDLE_IDENTIFIER = com.oscarodon.CleanUIKitApp;
				PRODUCT_NAME = "$(TARGET_NAME)";
				SWIFT_EMIT_LOC_STRINGS = YES;
				SWIFT_VERSION = 5.0;
				TARGETED_DEVICE_FAMILY = "1,2";
			};
			name = Release;
		};
		D7B08A8F27AB03C800A17C63 /* Debug */ = {
			isa = XCBuildConfiguration;
			buildSettings = {
				ALWAYS_EMBED_SWIFT_STANDARD_LIBRARIES = YES;
				BUNDLE_LOADER = "$(TEST_HOST)";
				CODE_SIGN_STYLE = Automatic;
				CURRENT_PROJECT_VERSION = 1;
				DEVELOPMENT_TEAM = R4F9Z7B8A4;
				GENERATE_INFOPLIST_FILE = YES;
				IPHONEOS_DEPLOYMENT_TARGET = 15.0;
				LD_RUNPATH_SEARCH_PATHS = (
					"$(inherited)",
					"@executable_path/Frameworks",
					"@loader_path/Frameworks",
				);
				MARKETING_VERSION = 1.0;
				PRODUCT_BUNDLE_IDENTIFIER = com.oscarodon.CleanUIKitAppTests;
				PRODUCT_NAME = "$(TARGET_NAME)";
				SWIFT_EMIT_LOC_STRINGS = NO;
				SWIFT_VERSION = 5.0;
				TARGETED_DEVICE_FAMILY = "1,2";
				TEST_HOST = "$(BUILT_PRODUCTS_DIR)/CleanUIKitApp.app/CleanUIKitApp";
			};
			name = Debug;
		};
		D7B08A9027AB03C800A17C63 /* Release */ = {
			isa = XCBuildConfiguration;
			buildSettings = {
				ALWAYS_EMBED_SWIFT_STANDARD_LIBRARIES = YES;
				BUNDLE_LOADER = "$(TEST_HOST)";
				CODE_SIGN_STYLE = Automatic;
				CURRENT_PROJECT_VERSION = 1;
				DEVELOPMENT_TEAM = R4F9Z7B8A4;
				GENERATE_INFOPLIST_FILE = YES;
				IPHONEOS_DEPLOYMENT_TARGET = 15.0;
				LD_RUNPATH_SEARCH_PATHS = (
					"$(inherited)",
					"@executable_path/Frameworks",
					"@loader_path/Frameworks",
				);
				MARKETING_VERSION = 1.0;
				PRODUCT_BUNDLE_IDENTIFIER = com.oscarodon.CleanUIKitAppTests;
				PRODUCT_NAME = "$(TARGET_NAME)";
				SWIFT_EMIT_LOC_STRINGS = NO;
				SWIFT_VERSION = 5.0;
				TARGETED_DEVICE_FAMILY = "1,2";
				TEST_HOST = "$(BUILT_PRODUCTS_DIR)/CleanUIKitApp.app/CleanUIKitApp";
			};
			name = Release;
		};
/* End XCBuildConfiguration section */

/* Begin XCConfigurationList section */
		D7B08A5C27AB03C600A17C63 /* Build configuration list for PBXProject "CleanUIKitApp" */ = {
			isa = XCConfigurationList;
			buildConfigurations = (
				D7B08A8927AB03C800A17C63 /* Debug */,
				D7B08A8A27AB03C800A17C63 /* Release */,
			);
			defaultConfigurationIsVisible = 0;
			defaultConfigurationName = Release;
		};
		D7B08A8B27AB03C800A17C63 /* Build configuration list for PBXNativeTarget "CleanUIKitApp" */ = {
			isa = XCConfigurationList;
			buildConfigurations = (
				D7B08A8C27AB03C800A17C63 /* Debug */,
				D7B08A8D27AB03C800A17C63 /* Release */,
			);
			defaultConfigurationIsVisible = 0;
			defaultConfigurationName = Release;
		};
		D7B08A8E27AB03C800A17C63 /* Build configuration list for PBXNativeTarget "CleanUIKitAppTests" */ = {
			isa = XCConfigurationList;
			buildConfigurations = (
				D7B08A8F27AB03C800A17C63 /* Debug */,
				D7B08A9027AB03C800A17C63 /* Release */,
			);
			defaultConfigurationIsVisible = 0;
			defaultConfigurationName = Release;
		};
/* End XCConfigurationList section */

/* Begin XCRemoteSwiftPackageReference section */
		D7B08AB627AD7B8400A17C63 /* XCRemoteSwiftPackageReference "SDWebImage" */ = {
			isa = XCRemoteSwiftPackageReference;
			repositoryURL = "https://github.com/SDWebImage/SDWebImage.git";
			requirement = {
				kind = upToNextMajorVersion;
				minimumVersion = 5.0.0;
			};
		};
/* End XCRemoteSwiftPackageReference section */
	};
	rootObject = D7B08A5927AB03C600A17C63 /* Project object */;
}
